
Microsoft Visual Studio Solution File, Format Version 12.00
# Visual Studio Version 17
VisualStudioVersion = 17.4.33205.214
MinimumVisualStudioVersion = 10.0.40219.1
Project("{FAE04EC0-301F-11D3-BF4B-00C04F79EFBC}") = "P2PBusinessLedingApis", "P2PBusinessLedingApis\P2PBusinessLedingApis.csproj", "{866DEF20-16CD-4F6C-83BE-F4965B121970}"
EndProject
Global
	GlobalSection(SolutionConfigurationPlatforms) = preSolution
		Debug|Any CPU = Debug|Any CPU
		Release|Any CPU = Release|Any CPU
	EndGlobalSection
	GlobalSection(ProjectConfigurationPlatforms) = postSolution
		{866DEF20-16CD-4F6C-83BE-F4965B121970}.Debug|Any CPU.ActiveCfg = Debug|Any CPU
		{866DEF20-16CD-4F6C-83BE-F4965B121970}.Debug|Any CPU.Build.0 = Debug|Any CPU
		{866DEF20-16CD-4F6C-83BE-F4965B121970}.Release|Any CPU.ActiveCfg = Release|Any CPU
		{866DEF20-16CD-4F6C-83BE-F4965B121970}.Release|Any CPU.Build.0 = Release|Any CPU
	EndGlobalSection
	GlobalSection(SolutionProperties) = preSolution
		HideSolutionNode = FALSE
	EndGlobalSection
	GlobalSection(ExtensibilityGlobals) = postSolution
		SolutionGuid = {D1ACD826-5E68-451D-A63A-3D9F70EEBE7F}
	EndGlobalSection
EndGlobal
